{
  "name": "HealthCare System",
  "lockfileVersion": 3,
  "requires": true,
  "packages": {
    "": {
      "dependencies": {
        "monodb": "^1.5.1"
      }
    },
    "node_modules/monodb": {
      "version": "1.5.1",
      "resolved": "https://registry.npmjs.org/monodb/-/monodb-1.5.1.tgz",
      "integrity": "sha512-YvstZBVSeuz7m1Kji7/5yOlnmDMe66cp+ZDCDuVObV9seuxYs3bcuhgBiPwMKdp3QnnqRRin+kLSK7ITcwXTyA=="
    }
  }
}
